
Microsoft Visual Studio Solution File, Format Version 12.00
# Visual Studio Version 17
VisualStudioVersion = 17.1.31911.260
MinimumVisualStudioVersion = 10.0.40219.1
Project("{FAE04EC0-301F-11D3-BF4B-00C04F79EFBC}") = "Wpf3DRubiksCube", "Wpf3DRubiksCube\Wpf3DRubiksCube.csproj", "{BE4A5A69-A342-4122-97B8-91CBDEB0BFEF}"
EndProject
Global
	GlobalSection(SolutionConfigurationPlatforms) = preSolution
		Debug|Any CPU = Debug|Any CPU
		Release|Any CPU = Release|Any CPU
	EndGlobalSection
	GlobalSection(ProjectConfigurationPlatforms) = postSolution
		{BE4A5A69-A342-4122-97B8-91CBDEB0BFEF}.Debug|Any CPU.ActiveCfg = Debug|Any CPU
		{BE4A5A69-A342-4122-97B8-91CBDEB0BFEF}.Debug|Any CPU.Build.0 = Debug|Any CPU
		{BE4A5A69-A342-4122-97B8-91CBDEB0BFEF}.Release|Any CPU.ActiveCfg = Release|Any CPU
		{BE4A5A69-A342-4122-97B8-91CBDEB0BFEF}.Release|Any CPU.Build.0 = Release|Any CPU
	EndGlobalSection
	GlobalSection(SolutionProperties) = preSolution
		HideSolutionNode = FALSE
	EndGlobalSection
	GlobalSection(ExtensibilityGlobals) = postSolution
		SolutionGuid = {240261C9-0068-4759-BC25-613CE2CDBE97}
	EndGlobalSection
EndGlobal
